// !$*UTF8*$!
{
	archiveVersion = 1;
	classes = {
	};
	objectVersion = 50;
	objects = {

/* Begin PBXBuildFile section */
		42BD53AF2604BBB40083F033 /* 44049587802_3e1369bc62_b.jpg in Resources */ = {isa = PBXBuildFile; fileRef = 42BD53AE2604BBB40083F033 /* 44049587802_3e1369bc62_b.jpg */; };
		42BD53B52604BBE70083F033 /* CircleImage.swift in Sources */ = {isa = PBXBuildFile; fileRef = 42BD53B42604BBE70083F033 /* CircleImage.swift */; };
		42BD53BD2604BD060083F033 /* MapView.swift in Sources */ = {isa = PBXBuildFile; fileRef = 42BD53BC2604BD060083F033 /* MapView.swift */; };
		42BD53C72605AA2B0083F033 /* landmarkData.json in Resources */ = {isa = PBXBuildFile; fileRef = 42BD53C62605AA2B0083F033 /* landmarkData.json */; };
		42BD53CF2605AB8C0083F033 /* Landmark.swift in Sources */ = {isa = PBXBuildFile; fileRef = 42BD53CE2605AB8C0083F033 /* Landmark.swift */; };
		42BD53D52605AD080083F033 /* ModelData.swift in Sources */ = {isa = PBXBuildFile; fileRef = 42BD53D42605AD080083F033 /* ModelData.swift */; };
		42BD53DE2605AF060083F033 /* LandmarkRow.swift in Sources */ = {isa = PBXBuildFile; fileRef = 42BD53DD2605AF060083F033 /* LandmarkRow.swift */; };
		42BD53E32605B1440083F033 /* LandmarkList.swift in Sources */ = {isa = PBXBuildFile; fileRef = 42BD53E22605B1440083F033 /* LandmarkList.swift */; };
		42BD53E82605B57A0083F033 /* LandmarkDetail.swift in Sources */ = {isa = PBXBuildFile; fileRef = 42BD53E72605B57A0083F033 /* LandmarkDetail.swift */; };
		42BD53F02605D9EE0083F033 /* FavoriteButton.swift in Sources */ = {isa = PBXBuildFile; fileRef = 42BD53EF2605D9EE0083F033 /* FavoriteButton.swift */; };
		42D3804B2604B86900A58EAE /* swiftui_01App.swift in Sources */ = {isa = PBXBuildFile; fileRef = 42D3804A2604B86900A58EAE /* swiftui_01App.swift */; };
		42D3804D2604B86900A58EAE /* ContentView.swift in Sources */ = {isa = PBXBuildFile; fileRef = 42D3804C2604B86900A58EAE /* ContentView.swift */; };
		42D3804F2604B86A00A58EAE /* Assets.xcassets in Resources */ = {isa = PBXBuildFile; fileRef = 42D3804E2604B86A00A58EAE /* Assets.xcassets */; };
		42D380522604B86A00A58EAE /* Preview Assets.xcassets in Resources */ = {isa = PBXBuildFile; fileRef = 42D380512604B86A00A58EAE /* Preview Assets.xcassets */; };
		42D380542604B86A00A58EAE /* Persistence.swift in Sources */ = {isa = PBXBuildFile; fileRef = 42D380532604B86A00A58EAE /* Persistence.swift */; };
		42D380572604B86A00A58EAE /* swiftui_01.xcdatamodeld in Sources */ = {isa = PBXBuildFile; fileRef = 42D380552604B86A00A58EAE /* swiftui_01.xcdatamodeld */; };
		42D380622604B86B00A58EAE /* swiftui_01Tests.swift in Sources */ = {isa = PBXBuildFile; fileRef = 42D380612604B86B00A58EAE /* swiftui_01Tests.swift */; };
		42D3806D2604B86B00A58EAE /* swiftui_01UITests.swift in Sources */ = {isa = PBXBuildFile; fileRef = 42D3806C2604B86B00A58EAE /* swiftui_01UITests.swift */; };
/* End PBXBuildFile section */

/* Begin PBXContainerItemProxy section */
		42D3805E2604B86B00A58EAE /* PBXContainerItemProxy */ = {
			isa = PBXContainerItemProxy;
			containerPortal = 42D3803F2604B86900A58EAE /* Project object */;
			proxyType = 1;
			remoteGlobalIDString = 42D380462604B86900A58EAE;
			remoteInfo = "swiftui-01";
		};
		42D380692604B86B00A58EAE /* PBXContainerItemProxy */ = {
			isa = PBXContainerItemProxy;
			containerPortal = 42D3803F2604B86900A58EAE /* Project object */;
			proxyType = 1;
			remoteGlobalIDString = 42D380462604B86900A58EAE;
			remoteInfo = "swiftui-01";
		};
/* End PBXContainerItemProxy section */

/* Begin PBXFileReference section */
		42BD53AE2604BBB40083F033 /* 44049587802_3e1369bc62_b.jpg */ = {isa = PBXFileReference; lastKnownFileType = image.jpeg; path = 44049587802_3e1369bc62_b.jpg; sourceTree = "<group>"; };
		42BD53B42604BBE70083F033 /* CircleImage.swift */ = {isa = PBXFileReference; lastKnownFileType = sourcecode.swift; path = CircleImage.swift; sourceTree = "<group>"; };
		42BD53BC2604BD060083F033 /* MapView.swift */ = {isa = PBXFileReference; lastKnownFileType = sourcecode.swift; path = MapView.swift; sourceTree = "<group>"; };
		42BD53C62605AA2B0083F033 /* landmarkData.json */ = {isa = PBXFileReference; fileEncoding = 4; lastKnownFileType = text.json; path = landmarkData.json; sourceTree = "<group>"; };
		42BD53CE2605AB8C0083F033 /* Landmark.swift */ = {isa = PBXFileReference; lastKnownFileType = sourcecode.swift; path = Landmark.swift; sourceTree = "<group>"; };
		42BD53D42605AD080083F033 /* ModelData.swift */ = {isa = PBXFileReference; lastKnownFileType = sourcecode.swift; path = ModelData.swift; sourceTree = "<group>"; };
		42BD53DD2605AF060083F033 /* LandmarkRow.swift */ = {isa = PBXFileReference; lastKnownFileType = sourcecode.swift; path = LandmarkRow.swift; sourceTree = "<group>"; };
		42BD53E22605B1440083F033 /* LandmarkList.swift */ = {isa = PBXFileReference; lastKnownFileType = sourcecode.swift; path = LandmarkList.swift; sourceTree = "<group>"; };
		42BD53E72605B57A0083F033 /* LandmarkDetail.swift */ = {isa = PBXFileReference; lastKnownFileType = sourcecode.swift; path = LandmarkDetail.swift; sourceTree = "<group>"; };
		42BD53EF2605D9EE0083F033 /* FavoriteButton.swift */ = {isa = PBXFileReference; lastKnownFileType = sourcecode.swift; path = FavoriteButton.swift; sourceTree = "<group>"; };
		42D380472604B86900A58EAE /* swiftui-01.app */ = {isa = PBXFileReference; explicitFileType = wrapper.application; includeInIndex = 0; path = "swiftui-01.app"; sourceTree = BUILT_PRODUCTS_DIR; };
		42D3804A2604B86900A58EAE /* swiftui_01App.swift */ = {isa = PBXFileReference; lastKnownFileType = sourcecode.swift; path = swiftui_01App.swift; sourceTree = "<group>"; };
		42D3804C2604B86900A58EAE /* ContentView.swift */ = {isa = PBXFileReference; lastKnownFileType = sourcecode.swift; path = ContentView.swift; sourceTree = "<group>"; };
		42D3804E2604B86A00A58EAE /* Assets.xcassets */ = {isa = PBXFileReference; lastKnownFileType = folder.assetcatalog; path = Assets.xcassets; sourceTree = "<group>"; };
		42D380512604B86A00A58EAE /* Preview Assets.xcassets */ = {isa = PBXFileReference; lastKnownFileType = folder.assetcatalog; path = "Preview Assets.xcassets"; sourceTree = "<group>"; };
		42D380532604B86A00A58EAE /* Persistence.swift */ = {isa = PBXFileReference; lastKnownFileType = sourcecode.swift; path = Persistence.swift; sourceTree = "<group>"; };
		42D380562604B86A00A58EAE /* swiftui_01.xcdatamodel */ = {isa = PBXFileReference; lastKnownFileType = wrapper.xcdatamodel; path = swiftui_01.xcdatamodel; sourceTree = "<group>"; };
		42D380582604B86A00A58EAE /* Info.plist */ = {isa = PBXFileReference; lastKnownFileType = text.plist.xml; path = Info.plist; sourceTree = "<group>"; };
		42D3805D2604B86B00A58EAE /* swiftui-01Tests.xctest */ = {isa = PBXFileReference; explicitFileType = wrapper.cfbundle; includeInIndex = 0; path = "swiftui-01Tests.xctest"; sourceTree = BUILT_PRODUCTS_DIR; };
		42D380612604B86B00A58EAE /* swiftui_01Tests.swift */ = {isa = PBXFileReference; lastKnownFileType = sourcecode.swift; path = swiftui_01Tests.swift; sourceTree = "<group>"; };
		42D380632604B86B00A58EAE /* Info.plist */ = {isa = PBXFileReference; lastKnownFileType = text.plist.xml; path = Info.plist; sourceTree = "<group>"; };
		42D380682604B86B00A58EAE /* swiftui-01UITests.xctest */ = {isa = PBXFileReference; explicitFileType = wrapper.cfbundle; includeInIndex = 0; path = "swiftui-01UITests.xctest"; sourceTree = BUILT_PRODUCTS_DIR; };
		42D3806C2604B86B00A58EAE /* swiftui_01UITests.swift */ = {isa = PBXFileReference; lastKnownFileType = sourcecode.swift; path = swiftui_01UITests.swift; sourceTree = "<group>"; };
		42D3806E2604B86B00A58EAE /* Info.plist */ = {isa = PBXFileReference; lastKnownFileType = text.plist.xml; path = Info.plist; sourceTree = "<group>"; };
/* End PBXFileReference section */

/* Begin PBXFrameworksBuildPhase section */
		42D380442604B86900A58EAE /* Frameworks */ = {
			isa = PBXFrameworksBuildPhase;
			buildActionMask = 2147483647;
			files = (
			);
			runOnlyForDeploymentPostprocessing = 0;
		};
		42D3805A2604B86B00A58EAE /* Frameworks */ = {
			isa = PBXFrameworksBuildPhase;
			buildActionMask = 2147483647;
			files = (
			);
			runOnlyForDeploymentPostprocessing = 0;
		};
		42D380652604B86B00A58EAE /* Frameworks */ = {
			isa = PBXFrameworksBuildPhase;
			buildActionMask = 2147483647;
			files = (
			);
			runOnlyForDeploymentPostprocessing = 0;
		};
/* End PBXFrameworksBuildPhase section */

/* Begin PBXGroup section */
		42BD53B32604BBD30083F033 /* Views */ = {
			isa = PBXGroup;
			children = (
				42BD53DD2605AF060083F033 /* LandmarkRow.swift */,
				42BD53E22605B1440083F033 /* LandmarkList.swift */,
				42BD53E72605B57A0083F033 /* LandmarkDetail.swift */,
			);
			path = Views;
			sourceTree = "<group>";
		};
		42BD53D32605ACF40083F033 /* Models */ = {
			isa = PBXGroup;
			children = (
				42BD53CE2605AB8C0083F033 /* Landmark.swift */,
				42BD53D42605AD080083F033 /* ModelData.swift */,
			);
			path = Models;
			sourceTree = "<group>";
		};
		42BD53D92605AE970083F033 /* Resources */ = {
			isa = PBXGroup;
			children = (
				42BD53C62605AA2B0083F033 /* landmarkData.json */,
			);
			path = Resources;
			sourceTree = "<group>";
		};
		42BD53F42605DA9D0083F033 /* Helpers */ = {
			isa = PBXGroup;
			children = (
				42BD53B42604BBE70083F033 /* CircleImage.swift */,
				42BD53BC2604BD060083F033 /* MapView.swift */,
				42BD53EF2605D9EE0083F033 /* FavoriteButton.swift */,
			);
			path = Helpers;
			sourceTree = "<group>";
		};
		42D3803E2604B86900A58EAE = {
			isa = PBXGroup;
			children = (
				42D380492604B86900A58EAE /* swiftui-01 */,
				42D380602604B86B00A58EAE /* swiftui-01Tests */,
				42D3806B2604B86B00A58EAE /* swiftui-01UITests */,
				42D380482604B86900A58EAE /* Products */,
			);
			sourceTree = "<group>";
		};
		42D380482604B86900A58EAE /* Products */ = {
			isa = PBXGroup;
			children = (
				42D380472604B86900A58EAE /* swiftui-01.app */,
				42D3805D2604B86B00A58EAE /* swiftui-01Tests.xctest */,
				42D380682604B86B00A58EAE /* swiftui-01UITests.xctest */,
			);
			name = Products;
			sourceTree = "<group>";
		};
		42D380492604B86900A58EAE /* swiftui-01 */ = {
			isa = PBXGroup;
			children = (
				42BD53F42605DA9D0083F033 /* Helpers */,
				42BD53D92605AE970083F033 /* Resources */,
				42BD53D32605ACF40083F033 /* Models */,
				42BD53B32604BBD30083F033 /* Views */,
				42D3804A2604B86900A58EAE /* swiftui_01App.swift */,
				42D3804C2604B86900A58EAE /* ContentView.swift */,
				42D3804E2604B86A00A58EAE /* Assets.xcassets */,
				42D380532604B86A00A58EAE /* Persistence.swift */,
				42D380582604B86A00A58EAE /* Info.plist */,
				42D380552604B86A00A58EAE /* swiftui_01.xcdatamodeld */,
				42BD53AE2604BBB40083F033 /* 44049587802_3e1369bc62_b.jpg */,
				42D380502604B86A00A58EAE /* Preview Content */,
			);
			path = "swiftui-01";
			sourceTree = "<group>";
		};
		42D380502604B86A00A58EAE /* Preview Content */ = {
			isa = PBXGroup;
			children = (
				42D380512604B86A00A58EAE /* Preview Assets.xcassets */,
			);
			path = "Preview Content";
			sourceTree = "<group>";
		};
		42D380602604B86B00A58EAE /* swiftui-01Tests */ = {
			isa = PBXGroup;
			children = (
				42D380612604B86B00A58EAE /* swiftui_01Tests.swift */,
				42D380632604B86B00A58EAE /* Info.plist */,
			);
			path = "swiftui-01Tests";
			sourceTree = "<group>";
		};
		42D3806B2604B86B00A58EAE /* swiftui-01UITests */ = {
			isa = PBXGroup;
			children = (
				42D3806C2604B86B00A58EAE /* swiftui_01UITests.swift */,
				42D3806E2604B86B00A58EAE /* Info.plist */,
			);
			path = "swiftui-01UITests";
			sourceTree = "<group>";
		};
/* End PBXGroup section */

/* Begin PBXNativeTarget section */
		42D380462604B86900A58EAE /* swiftui-01 */ = {
			isa = PBXNativeTarget;
			buildConfigurationList = 42D380712604B86B00A58EAE /* Build configuration list for PBXNativeTarget "swiftui-01" */;
			buildPhases = (
				42D380432604B86900A58EAE /* Sources */,
				42D380442604B86900A58EAE /* Frameworks */,
				42D380452604B86900A58EAE /* Resources */,
			);
			buildRules = (
			);
			dependencies = (
			);
			name = "swiftui-01";
			productName = "swiftui-01";
			productReference = 42D380472604B86900A58EAE /* swiftui-01.app */;
			productType = "com.apple.product-type.application";
		};
		42D3805C2604B86B00A58EAE /* swiftui-01Tests */ = {
			isa = PBXNativeTarget;
			buildConfigurationList = 42D380742604B86B00A58EAE /* Build configuration list for PBXNativeTarget "swiftui-01Tests" */;
			buildPhases = (
				42D380592604B86B00A58EAE /* Sources */,
				42D3805A2604B86B00A58EAE /* Frameworks */,
				42D3805B2604B86B00A58EAE /* Resources */,
			);
			buildRules = (
			);
			dependencies = (
				42D3805F2604B86B00A58EAE /* PBXTargetDependency */,
			);
			name = "swiftui-01Tests";
			productName = "swiftui-01Tests";
			productReference = 42D3805D2604B86B00A58EAE /* swiftui-01Tests.xctest */;
			productType = "com.apple.product-type.bundle.unit-test";
		};
		42D380672604B86B00A58EAE /* swiftui-01UITests */ = {
			isa = PBXNativeTarget;
			buildConfigurationList = 42D380772604B86B00A58EAE /* Build configuration list for PBXNativeTarget "swiftui-01UITests" */;
			buildPhases = (
				42D380642604B86B00A58EAE /* Sources */,
				42D380652604B86B00A58EAE /* Frameworks */,
				42D380662604B86B00A58EAE /* Resources */,
			);
			buildRules = (
			);
			dependencies = (
				42D3806A2604B86B00A58EAE /* PBXTargetDependency */,
			);
			name = "swiftui-01UITests";
			productName = "swiftui-01UITests";
			productReference = 42D380682604B86B00A58EAE /* swiftui-01UITests.xctest */;
			productType = "com.apple.product-type.bundle.ui-testing";
		};
/* End PBXNativeTarget section */

/* Begin PBXProject section */
		42D3803F2604B86900A58EAE /* Project object */ = {
			isa = PBXProject;
			attributes = {
				LastSwiftUpdateCheck = 1240;
				LastUpgradeCheck = 1240;
				TargetAttributes = {
					42D380462604B86900A58EAE = {
						CreatedOnToolsVersion = 12.4;
					};
					42D3805C2604B86B00A58EAE = {
						CreatedOnToolsVersion = 12.4;
						TestTargetID = 42D380462604B86900A58EAE;
					};
					42D380672604B86B00A58EAE = {
						CreatedOnToolsVersion = 12.4;
						TestTargetID = 42D380462604B86900A58EAE;
					};
				};
			};
			buildConfigurationList = 42D380422604B86900A58EAE /* Build configuration list for PBXProject "swiftui-01" */;
			compatibilityVersion = "Xcode 9.3";
			developmentRegion = en;
			hasScannedForEncodings = 0;
			knownRegions = (
				en,
				Base,
			);
			mainGroup = 42D3803E2604B86900A58EAE;
			productRefGroup = 42D380482604B86900A58EAE /* Products */;
			projectDirPath = "";
			projectRoot = "";
			targets = (
				42D380462604B86900A58EAE /* swiftui-01 */,
				42D3805C2604B86B00A58EAE /* swiftui-01Tests */,
				42D380672604B86B00A58EAE /* swiftui-01UITests */,
			);
		};
/* End PBXProject section */

/* Begin PBXResourcesBuildPhase section */
		42D380452604B86900A58EAE /* Resources */ = {
			isa = PBXResourcesBuildPhase;
			buildActionMask = 2147483647;
			files = (
				42BD53AF2604BBB40083F033 /* 44049587802_3e1369bc62_b.jpg in Resources */,
				42D380522604B86A00A58EAE /* Preview Assets.xcassets in Resources */,
				42BD53C72605AA2B0083F033 /* landmarkData.json in Resources */,
				42D3804F2604B86A00A58EAE /* Assets.xcassets in Resources */,
			);
			runOnlyForDeploymentPostprocessing = 0;
		};
		42D3805B2604B86B00A58EAE /* Resources */ = {
			isa = PBXResourcesBuildPhase;
			buildActionMask = 2147483647;
			files = (
			);
			runOnlyForDeploymentPostprocessing = 0;
		};
		42D380662604B86B00A58EAE /* Resources */ = {
			isa = PBXResourcesBuildPhase;
			buildActionMask = 2147483647;
			files = (
			);
			runOnlyForDeploymentPostprocessing = 0;
		};
/* End PBXResourcesBuildPhase section */

/* Begin PBXSourcesBuildPhase section */
		42D380432604B86900A58EAE /* Sources */ = {
			isa = PBXSourcesBuildPhase;
			buildActionMask = 2147483647;
			files = (
				42BD53CF2605AB8C0083F033 /* Landmark.swift in Sources */,
				42D380542604B86A00A58EAE /* Persistence.swift in Sources */,
				42BD53BD2604BD060083F033 /* MapView.swift in Sources */,
				42BD53F02605D9EE0083F033 /* FavoriteButton.swift in Sources */,
				42D3804D2604B86900A58EAE /* ContentView.swift in Sources */,
				42D380572604B86A00A58EAE /* swiftui_01.xcdatamodeld in Sources */,
				42BD53D52605AD080083F033 /* ModelData.swift in Sources */,
				42D3804B2604B86900A58EAE /* swiftui_01App.swift in Sources */,
				42BD53B52604BBE70083F033 /* CircleImage.swift in Sources */,
				42BD53DE2605AF060083F033 /* LandmarkRow.swift in Sources */,
				42BD53E82605B57A0083F033 /* LandmarkDetail.swift in Sources */,
				42BD53E32605B1440083F033 /* LandmarkList.swift in Sources */,
			);
			runOnlyForDeploymentPostprocessing = 0;
		};
		42D380592604B86B00A58EAE /* Sources */ = {
			isa = PBXSourcesBuildPhase;
			buildActionMask = 2147483647;
			files = (
				42D380622604B86B00A58EAE /* swiftui_01Tests.swift in Sources */,
			);
			runOnlyForDeploymentPostprocessing = 0;
		};
		42D380642604B86B00A58EAE /* Sources */ = {
			isa = PBXSourcesBuildPhase;
			buildActionMask = 2147483647;
			files = (
				42D3806D2604B86B00A58EAE /* swiftui_01UITests.swift in Sources */,
			);
			runOnlyForDeploymentPostprocessing = 0;
		};
/* End PBXSourcesBuildPhase section */

/* Begin PBXTargetDependency section */
		42D3805F2604B86B00A58EAE /* PBXTargetDependency */ = {
			isa = PBXTargetDependency;
			target = 42D380462604B86900A58EAE /* swiftui-01 */;
			targetProxy = 42D3805E2604B86B00A58EAE /* PBXContainerItemProxy */;
		};
		42D3806A2604B86B00A58EAE /* PBXTargetDependency */ = {
			isa = PBXTargetDependency;
			target = 42D380462604B86900A58EAE /* swiftui-01 */;
			targetProxy = 42D380692604B86B00A58EAE /* PBXContainerItemProxy */;
		};
/* End PBXTargetDependency section */

/* Begin XCBuildConfiguration section */
		42D3806F2604B86B00A58EAE /* Debug */ = {
			isa = XCBuildConfiguration;
			buildSettings = {
				ALWAYS_SEARCH_USER_PATHS = NO;
				CLANG_ANALYZER_NONNULL = YES;
				CLANG_ANALYZER_NUMBER_OBJECT_CONVERSION = YES_AGGRESSIVE;
				CLANG_CXX_LANGUAGE_STANDARD = "gnu++14";
				CLANG_CXX_LIBRARY = "libc++";
				CLANG_ENABLE_MODULES = YES;
				CLANG_ENABLE_OBJC_ARC = YES;
				CLANG_ENABLE_OBJC_WEAK = YES;
				CLANG_WARN_BLOCK_CAPTURE_AUTORELEASING = YES;
				CLANG_WARN_BOOL_CONVERSION = YES;
				CLANG_WARN_COMMA = YES;
				CLANG_WARN_CONSTANT_CONVERSION = YES;
				CLANG_WARN_DEPRECATED_OBJC_IMPLEMENTATIONS = YES;
				CLANG_WARN_DIRECT_OBJC_ISA_USAGE = YES_ERROR;
				CLANG_WARN_DOCUMENTATION_COMMENTS = YES;
				CLANG_WARN_EMPTY_BODY = YES;
				CLANG_WARN_ENUM_CONVERSION = YES;
				CLANG_WARN_INFINITE_RECURSION = YES;
				CLANG_WARN_INT_CONVERSION = YES;
				CLANG_WARN_NON_LITERAL_NULL_CONVERSION = YES;
				CLANG_WARN_OBJC_IMPLICIT_RETAIN_SELF = YES;
				CLANG_WARN_OBJC_LITERAL_CONVERSION = YES;
				CLANG_WARN_OBJC_ROOT_CLASS = YES_ERROR;
				CLANG_WARN_QUOTED_INCLUDE_IN_FRAMEWORK_HEADER = YES;
				CLANG_WARN_RANGE_LOOP_ANALYSIS = YES;
				CLANG_WARN_STRICT_PROTOTYPES = YES;
				CLANG_WARN_SUSPICIOUS_MOVE = YES;
				CLANG_WARN_UNGUARDED_AVAILABILITY = YES_AGGRESSIVE;
				CLANG_WARN_UNREACHABLE_CODE = YES;
				CLANG_WARN__DUPLICATE_METHOD_MATCH = YES;
				COPY_PHASE_STRIP = NO;
				DEBUG_INFORMATION_FORMAT = dwarf;
				ENABLE_STRICT_OBJC_MSGSEND = YES;
				ENABLE_TESTABILITY = YES;
				GCC_C_LANGUAGE_STANDARD = gnu11;
				GCC_DYNAMIC_NO_PIC = NO;
				GCC_NO_COMMON_BLOCKS = YES;
				GCC_OPTIMIZATION_LEVEL = 0;
				GCC_PREPROCESSOR_DEFINITIONS = (
					"DEBUG=1",
					"$(inherited)",
				);
				GCC_WARN_64_TO_32_BIT_CONVERSION = YES;
				GCC_WARN_ABOUT_RETURN_TYPE = YES_ERROR;
				GCC_WARN_UNDECLARED_SELECTOR = YES;
				GCC_WARN_UNINITIALIZED_AUTOS = YES_AGGRESSIVE;
				GCC_WARN_UNUSED_FUNCTION = YES;
				GCC_WARN_UNUSED_VARIABLE = YES;
				IPHONEOS_DEPLOYMENT_TARGET = 14.4;
				MTL_ENABLE_DEBUG_INFO = INCLUDE_SOURCE;
				MTL_FAST_MATH = YES;
				ONLY_ACTIVE_ARCH = YES;
				SDKROOT = iphoneos;
				SWIFT_ACTIVE_COMPILATION_CONDITIONS = DEBUG;
				SWIFT_OPTIMIZATION_LEVEL = "-Onone";
			};
			name = Debug;
		};
		42D380702604B86B00A58EAE /* Release */ = {
			isa = XCBuildConfiguration;
			buildSettings = {
				ALWAYS_SEARCH_USER_PATHS = NO;
				CLANG_ANALYZER_NONNULL = YES;
				CLANG_ANALYZER_NUMBER_OBJECT_CONVERSION = YES_AGGRESSIVE;
				CLANG_CXX_LANGUAGE_STANDARD = "gnu++14";
				CLANG_CXX_LIBRARY = "libc++";
				CLANG_ENABLE_MODULES = YES;
				CLANG_ENABLE_OBJC_ARC = YES;
				CLANG_ENABLE_OBJC_WEAK = YES;
				CLANG_WARN_BLOCK_CAPTURE_AUTORELEASING = YES;
				CLANG_WARN_BOOL_CONVERSION = YES;
				CLANG_WARN_COMMA = YES;
				CLANG_WARN_CONSTANT_CONVERSION = YES;
				CLANG_WARN_DEPRECATED_OBJC_IMPLEMENTATIONS = YES;
				CLANG_WARN_DIRECT_OBJC_ISA_USAGE = YES_ERROR;
				CLANG_WARN_DOCUMENTATION_COMMENTS = YES;
				CLANG_WARN_EMPTY_BODY = YES;
				CLANG_WARN_ENUM_CONVERSION = YES;
				CLANG_WARN_INFINITE_RECURSION = YES;
				CLANG_WARN_INT_CONVERSION = YES;
				CLANG_WARN_NON_LITERAL_NULL_CONVERSION = YES;
				CLANG_WARN_OBJC_IMPLICIT_RETAIN_SELF = YES;
				CLANG_WARN_OBJC_LITERAL_CONVERSION = YES;
				CLANG_WARN_OBJC_ROOT_CLASS = YES_ERROR;
				CLANG_WARN_QUOTED_INCLUDE_IN_FRAMEWORK_HEADER = YES;
				CLANG_WARN_RANGE_LOOP_ANALYSIS = YES;
				CLANG_WARN_STRICT_PROTOTYPES = YES;
				CLANG_WARN_SUSPICIOUS_MOVE = YES;
				CLANG_WARN_UNGUARDED_AVAILABILITY = YES_AGGRESSIVE;
				CLANG_WARN_UNREACHABLE_CODE = YES;
				CLANG_WARN__DUPLICATE_METHOD_MATCH = YES;
				COPY_PHASE_STRIP = NO;
				DEBUG_INFORMATION_FORMAT = "dwarf-with-dsym";
				ENABLE_NS_ASSERTIONS = NO;
				ENABLE_STRICT_OBJC_MSGSEND = YES;
				GCC_C_LANGUAGE_STANDARD = gnu11;
				GCC_NO_COMMON_BLOCKS = YES;
				GCC_WARN_64_TO_32_BIT_CONVERSION = YES;
				GCC_WARN_ABOUT_RETURN_TYPE = YES_ERROR;
				GCC_WARN_UNDECLARED_SELECTOR = YES;
				GCC_WARN_UNINITIALIZED_AUTOS = YES_AGGRESSIVE;
				GCC_WARN_UNUSED_FUNCTION = YES;
				GCC_WARN_UNUSED_VARIABLE = YES;
				IPHONEOS_DEPLOYMENT_TARGET = 14.4;
				MTL_ENABLE_DEBUG_INFO = NO;
				MTL_FAST_MATH = YES;
				SDKROOT = iphoneos;
				SWIFT_COMPILATION_MODE = wholemodule;
				SWIFT_OPTIMIZATION_LEVEL = "-O";
				VALIDATE_PRODUCT = YES;
			};
			name = Release;
		};
		42D380722604B86B00A58EAE /* Debug */ = {
			isa = XCBuildConfiguration;
			buildSettings = {
				ASSETCATALOG_COMPILER_APPICON_NAME = AppIcon;
				ASSETCATALOG_COMPILER_GLOBAL_ACCENT_COLOR_NAME = AccentColor;
				CODE_SIGN_STYLE = Automatic;
				DEVELOPMENT_ASSET_PATHS = "\"swiftui-01/Preview Content\"";
				DEVELOPMENT_TEAM = Z8397RGL38;
				ENABLE_PREVIEWS = YES;
				INFOPLIST_FILE = "swiftui-01/Info.plist";
				IPHONEOS_DEPLOYMENT_TARGET = 14.0;
				LD_RUNPATH_SEARCH_PATHS = (
					"$(inherited)",
					"@executable_path/Frameworks",
				);
				PRODUCT_BUNDLE_IDENTIFIER = "xyz.huunghia.swiftui-01";
				PRODUCT_NAME = "$(TARGET_NAME)";
				SWIFT_VERSION = 5.0;
				TARGETED_DEVICE_FAMILY = "1,2";
			};
			name = Debug;
		};
		42D380732604B86B00A58EAE /* Release */ = {
			isa = XCBuildConfiguration;
			buildSettings = {
				ASSETCATALOG_COMPILER_APPICON_NAME = AppIcon;
				ASSETCATALOG_COMPILER_GLOBAL_ACCENT_COLOR_NAME = AccentColor;
				CODE_SIGN_STYLE = Automatic;
				DEVELOPMENT_ASSET_PATHS = "\"swiftui-01/Preview Content\"";
				DEVELOPMENT_TEAM = Z8397RGL38;
				ENABLE_PREVIEWS = YES;
				INFOPLIST_FILE = "swiftui-01/Info.plist";
				IPHONEOS_DEPLOYMENT_TARGET = 14.0;
				LD_RUNPATH_SEARCH_PATHS = (
					"$(inherited)",
					"@executable_path/Frameworks",
				);
				PRODUCT_BUNDLE_IDENTIFIER = "xyz.huunghia.swiftui-01";
				PRODUCT_NAME = "$(TARGET_NAME)";
				SWIFT_VERSION = 5.0;
				TARGETED_DEVICE_FAMILY = "1,2";
			};
			name = Release;
		};
		42D380752604B86B00A58EAE /* Debug */ = {
			isa = XCBuildConfiguration;
			buildSettings = {
				ALWAYS_EMBED_SWIFT_STANDARD_LIBRARIES = YES;
				BUNDLE_LOADER = "$(TEST_HOST)";
				CODE_SIGN_STYLE = Automatic;
				DEVELOPMENT_TEAM = Z8397RGL38;
				INFOPLIST_FILE = "swiftui-01Tests/Info.plist";
				IPHONEOS_DEPLOYMENT_TARGET = 14.0;
				LD_RUNPATH_SEARCH_PATHS = (
					"$(inherited)",
					"@executable_path/Frameworks",
					"@loader_path/Frameworks",
				);
				PRODUCT_BUNDLE_IDENTIFIER = "xyz.huunghia.swiftui-01Tests";
				PRODUCT_NAME = "$(TARGET_NAME)";
				SWIFT_VERSION = 5.0;
				TARGETED_DEVICE_FAMILY = "1,2";
				TEST_HOST = "$(BUILT_PRODUCTS_DIR)/swiftui-01.app/swiftui-01";
			};
			name = Debug;
		};
		42D380762604B86B00A58EAE /* Release */ = {
			isa = XCBuildConfiguration;
			buildSettings = {
				ALWAYS_EMBED_SWIFT_STANDARD_LIBRARIES = YES;
				BUNDLE_LOADER = "$(TEST_HOST)";
				CODE_SIGN_STYLE = Automatic;
				DEVELOPMENT_TEAM = Z8397RGL38;
				INFOPLIST_FILE = "swiftui-01Tests/Info.plist";
				IPHONEOS_DEPLOYMENT_TARGET = 14.0;
				LD_RUNPATH_SEARCH_PATHS = (
					"$(inherited)",
					"@executable_path/Frameworks",
					"@loader_path/Frameworks",
				);
				PRODUCT_BUNDLE_IDENTIFIER = "xyz.huunghia.swiftui-01Tests";
				PRODUCT_NAME = "$(TARGET_NAME)";
				SWIFT_VERSION = 5.0;
				TARGETED_DEVICE_FAMILY = "1,2";
				TEST_HOST = "$(BUILT_PRODUCTS_DIR)/swiftui-01.app/swiftui-01";
			};
			name = Release;
		};
		42D380782604B86B00A58EAE /* Debug */ = {
			isa = XCBuildConfiguration;
			buildSettings = {
				ALWAYS_EMBED_SWIFT_STANDARD_LIBRARIES = YES;
				CODE_SIGN_STYLE = Automatic;
				DEVELOPMENT_TEAM = Z8397RGL38;
				INFOPLIST_FILE = "swiftui-01UITests/Info.plist";
				LD_RUNPATH_SEARCH_PATHS = (
					"$(inherited)",
					"@executable_path/Frameworks",
					"@loader_path/Frameworks",
				);
				PRODUCT_BUNDLE_IDENTIFIER = "xyz.huunghia.swiftui-01UITests";
				PRODUCT_NAME = "$(TARGET_NAME)";
				SWIFT_VERSION = 5.0;
				TARGETED_DEVICE_FAMILY = "1,2";
				TEST_TARGET_NAME = "swiftui-01";
			};
			name = Debug;
		};
		42D380792604B86B00A58EAE /* Release */ = {
			isa = XCBuildConfiguration;
			buildSettings = {
				ALWAYS_EMBED_SWIFT_STANDARD_LIBRARIES = YES;
				CODE_SIGN_STYLE = Automatic;
				DEVELOPMENT_TEAM = Z8397RGL38;
				INFOPLIST_FILE = "swiftui-01UITests/Info.plist";
				LD_RUNPATH_SEARCH_PATHS = (
					"$(inherited)",
					"@executable_path/Frameworks",
					"@loader_path/Frameworks",
				);
				PRODUCT_BUNDLE_IDENTIFIER = "xyz.huunghia.swiftui-01UITests";
				PRODUCT_NAME = "$(TARGET_NAME)";
				SWIFT_VERSION = 5.0;
				TARGETED_DEVICE_FAMILY = "1,2";
				TEST_TARGET_NAME = "swiftui-01";
			};
			name = Release;
		};
/* End XCBuildConfiguration section */

/* Begin XCConfigurationList section */
		42D380422604B86900A58EAE /* Build configuration list for PBXProject "swiftui-01" */ = {
			isa = XCConfigurationList;
			buildConfigurations = (
				42D3806F2604B86B00A58EAE /* Debug */,
				42D380702604B86B00A58EAE /* Release */,
			);
			defaultConfigurationIsVisible = 0;
			defaultConfigurationName = Release;
		};
		42D380712604B86B00A58EAE /* Build configuration list for PBXNativeTarget "swiftui-01" */ = {
			isa = XCConfigurationList;
			buildConfigurations = (
				42D380722604B86B00A58EAE /* Debug */,
				42D380732604B86B00A58EAE /* Release */,
			);
			defaultConfigurationIsVisible = 0;
			defaultConfigurationName = Release;
		};
		42D380742604B86B00A58EAE /* Build configuration list for PBXNativeTarget "swiftui-01Tests" */ = {
			isa = XCConfigurationList;
			buildConfigurations = (
				42D380752604B86B00A58EAE /* Debug */,
				42D380762604B86B00A58EAE /* Release */,
			);
			defaultConfigurationIsVisible = 0;
			defaultConfigurationName = Release;
		};
		42D380772604B86B00A58EAE /* Build configuration list for PBXNativeTarget "swiftui-01UITests" */ = {
			isa = XCConfigurationList;
			buildConfigurations = (
				42D380782604B86B00A58EAE /* Debug */,
				42D380792604B86B00A58EAE /* Release */,
			);
			defaultConfigurationIsVisible = 0;
			defaultConfigurationName = Release;
		};
/* End XCConfigurationList section */

/* Begin XCVersionGroup section */
		42D380552604B86A00A58EAE /* swiftui_01.xcdatamodeld */ = {
			isa = XCVersionGroup;
			children = (
				42D380562604B86A00A58EAE /* swiftui_01.xcdatamodel */,
			);
			currentVersion = 42D380562604B86A00A58EAE /* swiftui_01.xcdatamodel */;
			path = swiftui_01.xcdatamodeld;
			sourceTree = "<group>";
			versionGroupType = wrapper.xcdatamodel;
		};
/* End XCVersionGroup section */
	};
	rootObject = 42D3803F2604B86900A58EAE /* Project object */;
}
